
Microsoft Visual Studio Solution File, Format Version 12.00
# Visual Studio Version 16
VisualStudioVersion = 16.0.809.2
MinimumVisualStudioVersion = 10.0.40219.1
Project("{FAE04EC0-301F-11D3-BF4B-00C04F79EFBC}") = "ConsoleApp13method", "ConsoleApp13method\ConsoleApp13method.csproj", "{68D4CB23-6858-495B-85E7-0C51376E7F57}"
EndProject
Global
	GlobalSection(SolutionConfigurationPlatforms) = preSolution
		Debug|Any CPU = Debug|Any CPU
		Release|Any CPU = Release|Any CPU
	EndGlobalSection
	GlobalSection(ProjectConfigurationPlatforms) = postSolution
		{68D4CB23-6858-495B-85E7-0C51376E7F57}.Debug|Any CPU.ActiveCfg = Debug|Any CPU
		{68D4CB23-6858-495B-85E7-0C51376E7F57}.Debug|Any CPU.Build.0 = Debug|Any CPU
		{68D4CB23-6858-495B-85E7-0C51376E7F57}.Release|Any CPU.ActiveCfg = Release|Any CPU
		{68D4CB23-6858-495B-85E7-0C51376E7F57}.Release|Any CPU.Build.0 = Release|Any CPU
	EndGlobalSection
	GlobalSection(SolutionProperties) = preSolution
		HideSolutionNode = FALSE
	EndGlobalSection
	GlobalSection(ExtensibilityGlobals) = postSolution
		SolutionGuid = {98D6D356-5A0F-4D4D-A7DF-927C9F934480}
	EndGlobalSection
EndGlobal
