
Microsoft Visual Studio Solution File, Format Version 12.00
# Visual Studio Version 16
VisualStudioVersion = 16.0.809.2
MinimumVisualStudioVersion = 10.0.40219.1
Project("{FAE04EC0-301F-11D3-BF4B-00C04F79EFBC}") = "ConsoleApp06loop3", "ConsoleApp06loop3\ConsoleApp06loop3.csproj", "{7270E3C6-2F37-48A5-97D1-276081FA9D72}"
EndProject
Global
	GlobalSection(SolutionConfigurationPlatforms) = preSolution
		Debug|Any CPU = Debug|Any CPU
		Release|Any CPU = Release|Any CPU
	EndGlobalSection
	GlobalSection(ProjectConfigurationPlatforms) = postSolution
		{7270E3C6-2F37-48A5-97D1-276081FA9D72}.Debug|Any CPU.ActiveCfg = Debug|Any CPU
		{7270E3C6-2F37-48A5-97D1-276081FA9D72}.Debug|Any CPU.Build.0 = Debug|Any CPU
		{7270E3C6-2F37-48A5-97D1-276081FA9D72}.Release|Any CPU.ActiveCfg = Release|Any CPU
		{7270E3C6-2F37-48A5-97D1-276081FA9D72}.Release|Any CPU.Build.0 = Release|Any CPU
	EndGlobalSection
	GlobalSection(SolutionProperties) = preSolution
		HideSolutionNode = FALSE
	EndGlobalSection
	GlobalSection(ExtensibilityGlobals) = postSolution
		SolutionGuid = {6577FA9D-C15F-483F-AA9B-345C3EBDE4A1}
	EndGlobalSection
EndGlobal
